
Microsoft Visual Studio Solution File, Format Version 12.00
# Visual Studio 15
VisualStudioVersion = 15.0.27004.2009
MinimumVisualStudioVersion = 10.0.40219.1
Project("{FAE04EC0-301F-11D3-BF4B-00C04F79EFBC}") = "Stripe2QBO", "Stripe2QBO\Stripe2QBO.csproj", "{A85E62C9-1B10-4680-B1DC-E444950F007A}"
EndProject
Global
	GlobalSection(SolutionConfigurationPlatforms) = preSolution
		Debug|Any CPU = Debug|Any CPU
		Release|Any CPU = Release|Any CPU
	EndGlobalSection
	GlobalSection(ProjectConfigurationPlatforms) = postSolution
		{A85E62C9-1B10-4680-B1DC-E444950F007A}.Debug|Any CPU.ActiveCfg = Debug|Any CPU
		{A85E62C9-1B10-4680-B1DC-E444950F007A}.Debug|Any CPU.Build.0 = Debug|Any CPU
		{A85E62C9-1B10-4680-B1DC-E444950F007A}.Release|Any CPU.ActiveCfg = Release|Any CPU
		{A85E62C9-1B10-4680-B1DC-E444950F007A}.Release|Any CPU.Build.0 = Release|Any CPU
	EndGlobalSection
	GlobalSection(SolutionProperties) = preSolution
		HideSolutionNode = FALSE
	EndGlobalSection
	GlobalSection(ExtensibilityGlobals) = postSolution
		SolutionGuid = {420EBE41-4F42-4D32-AB5D-3DDE2919FE2D}
	EndGlobalSection
EndGlobal
